
Microsoft Visual Studio Solution File, Format Version 12.00
# Visual Studio 2013
VisualStudioVersion = 12.0.21005.1
MinimumVisualStudioVersion = 10.0.40219.1
Project("{8BC9CEB8-8B4A-11D0-8D11-00A0C91BC942}") = "os-lab4-move-window", "os-lab4-move-window\os-lab4-move-window.vcxproj", "{F2F692CF-8DCF-4E3C-81AE-19231A0503A9}"
EndProject
Global
	GlobalSection(SolutionConfigurationPlatforms) = preSolution
		Debug|Win32 = Debug|Win32
		Release|Win32 = Release|Win32
	EndGlobalSection
	GlobalSection(ProjectConfigurationPlatforms) = postSolution
		{F2F692CF-8DCF-4E3C-81AE-19231A0503A9}.Debug|Win32.ActiveCfg = Debug|Win32
		{F2F692CF-8DCF-4E3C-81AE-19231A0503A9}.Debug|Win32.Build.0 = Debug|Win32
		{F2F692CF-8DCF-4E3C-81AE-19231A0503A9}.Release|Win32.ActiveCfg = Release|Win32
		{F2F692CF-8DCF-4E3C-81AE-19231A0503A9}.Release|Win32.Build.0 = Release|Win32
	EndGlobalSection
	GlobalSection(SolutionProperties) = preSolution
		HideSolutionNode = FALSE
	EndGlobalSection
EndGlobal
